
Microsoft Visual Studio Solution File, Format Version 12.00
# Visual Studio Version 16
VisualStudioVersion = 16.0.34301.259
MinimumVisualStudioVersion = 10.0.40219.1
Project("{8BC9CEB8-8B4A-11D0-8D11-00A0C91BC942}") = "project", "project\project.vcxproj", "{B0C641CB-979F-424B-A723-F559604176BC}"
EndProject
Global
	GlobalSection(SolutionConfigurationPlatforms) = preSolution
		Debug|x64 = Debug|x64
		Debug|x86 = Debug|x86
		Release|x64 = Release|x64
		Release|x86 = Release|x86
	EndGlobalSection
	GlobalSection(ProjectConfigurationPlatforms) = postSolution
		{B0C641CB-979F-424B-A723-F559604176BC}.Debug|x64.ActiveCfg = Debug|x64
		{B0C641CB-979F-424B-A723-F559604176BC}.Debug|x64.Build.0 = Debug|x64
		{B0C641CB-979F-424B-A723-F559604176BC}.Debug|x86.ActiveCfg = Debug|Win32
		{B0C641CB-979F-424B-A723-F559604176BC}.Debug|x86.Build.0 = Debug|Win32
		{B0C641CB-979F-424B-A723-F559604176BC}.Release|x64.ActiveCfg = Release|x64
		{B0C641CB-979F-424B-A723-F559604176BC}.Release|x64.Build.0 = Release|x64
		{B0C641CB-979F-424B-A723-F559604176BC}.Release|x86.ActiveCfg = Release|Win32
		{B0C641CB-979F-424B-A723-F559604176BC}.Release|x86.Build.0 = Release|Win32
	EndGlobalSection
	GlobalSection(SolutionProperties) = preSolution
		HideSolutionNode = FALSE
	EndGlobalSection
	GlobalSection(ExtensibilityGlobals) = postSolution
		SolutionGuid = {65D890C1-FE30-498C-B5EC-5CA386F3CD7D}
	EndGlobalSection
EndGlobal
